
Microsoft Visual Studio Solution File, Format Version 12.00
# Visual Studio Version 17
VisualStudioVersion = 17.12.35728.132
MinimumVisualStudioVersion = 10.0.40219.1
Project("{2150E333-8FDC-42A3-9474-1A3956D46DE8}") = "nuget", "nuget", "{02EA681E-C7D8-13C7-8484-4AC65E1B71E8}"
	ProjectSection(SolutionItems) = preProject
		LICENSE.txt = LICENSE.txt
		readme-nuget.txt = readme-nuget.txt
		Verifone.ECRTerminal\Verifone.ECRTerminal.nuspec = Verifone.ECRTerminal\Verifone.ECRTerminal.nuspec
	EndProjectSection
EndProject
Project("{FAE04EC0-301F-11D3-BF4B-00C04F79EFBC}") = "Verifone.ECRTerminal", "Verifone.ECRTerminal\Verifone.ECRTerminal.csproj", "{2A46AD3E-D41A-423C-8442-48A3B1C67EDD}"
EndProject
Project("{FAE04EC0-301F-11D3-BF4B-00C04F79EFBC}") = "VerifonePaymentTerminal", "VerifonePaymentTerminal\VerifonePaymentTerminal.csproj", "{F81BDA83-715F-4811-979A-1D61DB94FA46}"
EndProject
Project("{2150E333-8FDC-42A3-9474-1A3956D46DE8}") = "Solution Items", "Solution Items", "{8EC462FD-D22E-90A8-E5CE-7E832BA40C5D}"
	ProjectSection(SolutionItems) = preProject
		docfx.json = docfx.json
		nuget.exe = nuget.exe
		README.md = README.md
	EndProjectSection
EndProject
Global
	GlobalSection(SolutionConfigurationPlatforms) = preSolution
		Debug|Any CPU = Debug|Any CPU
		Debug|x86 = Debug|x86
		Release|Any CPU = Release|Any CPU
		Release|x86 = Release|x86
	EndGlobalSection
	GlobalSection(ProjectConfigurationPlatforms) = postSolution
		{2A46AD3E-D41A-423C-8442-48A3B1C67EDD}.Debug|Any CPU.ActiveCfg = Debug|Any CPU
		{2A46AD3E-D41A-423C-8442-48A3B1C67EDD}.Debug|Any CPU.Build.0 = Debug|Any CPU
		{2A46AD3E-D41A-423C-8442-48A3B1C67EDD}.Debug|x86.ActiveCfg = Debug|x86
		{2A46AD3E-D41A-423C-8442-48A3B1C67EDD}.Debug|x86.Build.0 = Debug|x86
		{2A46AD3E-D41A-423C-8442-48A3B1C67EDD}.Release|Any CPU.ActiveCfg = Release|Any CPU
		{2A46AD3E-D41A-423C-8442-48A3B1C67EDD}.Release|Any CPU.Build.0 = Release|Any CPU
		{2A46AD3E-D41A-423C-8442-48A3B1C67EDD}.Release|x86.ActiveCfg = Release|x86
		{2A46AD3E-D41A-423C-8442-48A3B1C67EDD}.Release|x86.Build.0 = Release|x86
		{F81BDA83-715F-4811-979A-1D61DB94FA46}.Debug|Any CPU.ActiveCfg = Debug|Any CPU
		{F81BDA83-715F-4811-979A-1D61DB94FA46}.Debug|Any CPU.Build.0 = Debug|Any CPU
		{F81BDA83-715F-4811-979A-1D61DB94FA46}.Debug|x86.ActiveCfg = Debug|Any CPU
		{F81BDA83-715F-4811-979A-1D61DB94FA46}.Debug|x86.Build.0 = Debug|Any CPU
		{F81BDA83-715F-4811-979A-1D61DB94FA46}.Release|Any CPU.ActiveCfg = Release|Any CPU
		{F81BDA83-715F-4811-979A-1D61DB94FA46}.Release|Any CPU.Build.0 = Release|Any CPU
		{F81BDA83-715F-4811-979A-1D61DB94FA46}.Release|x86.ActiveCfg = Release|Any CPU
		{F81BDA83-715F-4811-979A-1D61DB94FA46}.Release|x86.Build.0 = Release|Any CPU
	EndGlobalSection
	GlobalSection(SolutionProperties) = preSolution
		HideSolutionNode = FALSE
	EndGlobalSection
	GlobalSection(ExtensibilityGlobals) = postSolution
		SolutionGuid = {2983D082-7DA7-4F20-8E34-521D6A909FF0}
	EndGlobalSection
EndGlobal
